
Microsoft Visual Studio Solution File, Format Version 12.00
# Visual Studio Version 17
VisualStudioVersion = 17.6.33723.286
MinimumVisualStudioVersion = 10.0.40219.1
Project("{FAE04EC0-301F-11D3-BF4B-00C04F79EFBC}") = "HPlusSport.API", "HPlusSport.API\HPlusSport.API.csproj", "{F18500B5-C84F-4F38-BDE6-65F9495CA188}"
EndProject
Global
	GlobalSection(SolutionConfigurationPlatforms) = preSolution
		Debug|Any CPU = Debug|Any CPU
		Release|Any CPU = Release|Any CPU
	EndGlobalSection
	GlobalSection(ProjectConfigurationPlatforms) = postSolution
		{F18500B5-C84F-4F38-BDE6-65F9495CA188}.Debug|Any CPU.ActiveCfg = Debug|Any CPU
		{F18500B5-C84F-4F38-BDE6-65F9495CA188}.Debug|Any CPU.Build.0 = Debug|Any CPU
		{F18500B5-C84F-4F38-BDE6-65F9495CA188}.Release|Any CPU.ActiveCfg = Release|Any CPU
		{F18500B5-C84F-4F38-BDE6-65F9495CA188}.Release|Any CPU.Build.0 = Release|Any CPU
	EndGlobalSection
	GlobalSection(SolutionProperties) = preSolution
		HideSolutionNode = FALSE
	EndGlobalSection
	GlobalSection(ExtensibilityGlobals) = postSolution
		SolutionGuid = {F5DEBF24-197F-4234-B604-6E7F5C27C97C}
	EndGlobalSection
EndGlobal
